
Microsoft Visual Studio Solution File, Format Version 12.00
# Visual Studio 14
VisualStudioVersion = 14.0.25420.1
MinimumVisualStudioVersion = 10.0.40219.1
Project("{FAE04EC0-301F-11D3-BF4B-00C04F79EFBC}") = "VM", "VM\VM.csproj", "{DA0ED545-2EAF-4914-81AB-FEF8174ED018}"
EndProject
Global
	GlobalSection(SolutionConfigurationPlatforms) = preSolution
		Debug|Any CPU = Debug|Any CPU
		Debug|x64 = Debug|x64
		Debug|x86 = Debug|x86
		DebugMinimal|Any CPU = DebugMinimal|Any CPU
		DebugMinimal|x64 = DebugMinimal|x64
		DebugMinimal|x86 = DebugMinimal|x86
		Documentation|Any CPU = Documentation|Any CPU
		Documentation|x64 = Documentation|x64
		Documentation|x86 = Documentation|x86
		Nsis|Any CPU = Nsis|Any CPU
		Nsis|x64 = Nsis|x64
		Nsis|x86 = Nsis|x86
		Release|Any CPU = Release|Any CPU
		Release|x64 = Release|x64
		Release|x86 = Release|x86
		ReleaseMinimal|Any CPU = ReleaseMinimal|Any CPU
		ReleaseMinimal|x64 = ReleaseMinimal|x64
		ReleaseMinimal|x86 = ReleaseMinimal|x86
	EndGlobalSection
	GlobalSection(ProjectConfigurationPlatforms) = postSolution
		{DA0ED545-2EAF-4914-81AB-FEF8174ED018}.Debug|Any CPU.ActiveCfg = Debug|Any CPU
		{DA0ED545-2EAF-4914-81AB-FEF8174ED018}.Debug|Any CPU.Build.0 = Debug|Any CPU
		{DA0ED545-2EAF-4914-81AB-FEF8174ED018}.Debug|x64.ActiveCfg = Debug|Any CPU
		{DA0ED545-2EAF-4914-81AB-FEF8174ED018}.Debug|x64.Build.0 = Debug|Any CPU
		{DA0ED545-2EAF-4914-81AB-FEF8174ED018}.Debug|x86.ActiveCfg = Debug|Any CPU
		{DA0ED545-2EAF-4914-81AB-FEF8174ED018}.Debug|x86.Build.0 = Debug|Any CPU
		{DA0ED545-2EAF-4914-81AB-FEF8174ED018}.DebugMinimal|Any CPU.ActiveCfg = Debug|Any CPU
		{DA0ED545-2EAF-4914-81AB-FEF8174ED018}.DebugMinimal|Any CPU.Build.0 = Debug|Any CPU
		{DA0ED545-2EAF-4914-81AB-FEF8174ED018}.DebugMinimal|x64.ActiveCfg = Debug|Any CPU
		{DA0ED545-2EAF-4914-81AB-FEF8174ED018}.DebugMinimal|x64.Build.0 = Debug|Any CPU
		{DA0ED545-2EAF-4914-81AB-FEF8174ED018}.DebugMinimal|x86.ActiveCfg = Debug|Any CPU
		{DA0ED545-2EAF-4914-81AB-FEF8174ED018}.DebugMinimal|x86.Build.0 = Debug|Any CPU
		{DA0ED545-2EAF-4914-81AB-FEF8174ED018}.Documentation|Any CPU.ActiveCfg = Debug|Any CPU
		{DA0ED545-2EAF-4914-81AB-FEF8174ED018}.Documentation|Any CPU.Build.0 = Debug|Any CPU
		{DA0ED545-2EAF-4914-81AB-FEF8174ED018}.Documentation|x64.ActiveCfg = Debug|Any CPU
		{DA0ED545-2EAF-4914-81AB-FEF8174ED018}.Documentation|x64.Build.0 = Debug|Any CPU
		{DA0ED545-2EAF-4914-81AB-FEF8174ED018}.Documentation|x86.ActiveCfg = Debug|Any CPU
		{DA0ED545-2EAF-4914-81AB-FEF8174ED018}.Documentation|x86.Build.0 = Debug|Any CPU
		{DA0ED545-2EAF-4914-81AB-FEF8174ED018}.Nsis|Any CPU.ActiveCfg = Release|Any CPU
		{DA0ED545-2EAF-4914-81AB-FEF8174ED018}.Nsis|Any CPU.Build.0 = Release|Any CPU
		{DA0ED545-2EAF-4914-81AB-FEF8174ED018}.Nsis|x64.ActiveCfg = Release|Any CPU
		{DA0ED545-2EAF-4914-81AB-FEF8174ED018}.Nsis|x64.Build.0 = Release|Any CPU
		{DA0ED545-2EAF-4914-81AB-FEF8174ED018}.Nsis|x86.ActiveCfg = Release|Any CPU
		{DA0ED545-2EAF-4914-81AB-FEF8174ED018}.Nsis|x86.Build.0 = Release|Any CPU
		{DA0ED545-2EAF-4914-81AB-FEF8174ED018}.Release|Any CPU.ActiveCfg = Release|Any CPU
		{DA0ED545-2EAF-4914-81AB-FEF8174ED018}.Release|Any CPU.Build.0 = Release|Any CPU
		{DA0ED545-2EAF-4914-81AB-FEF8174ED018}.Release|x64.ActiveCfg = Release|Any CPU
		{DA0ED545-2EAF-4914-81AB-FEF8174ED018}.Release|x64.Build.0 = Release|Any CPU
		{DA0ED545-2EAF-4914-81AB-FEF8174ED018}.Release|x86.ActiveCfg = Release|Any CPU
		{DA0ED545-2EAF-4914-81AB-FEF8174ED018}.Release|x86.Build.0 = Release|Any CPU
		{DA0ED545-2EAF-4914-81AB-FEF8174ED018}.ReleaseMinimal|Any CPU.ActiveCfg = Release|Any CPU
		{DA0ED545-2EAF-4914-81AB-FEF8174ED018}.ReleaseMinimal|Any CPU.Build.0 = Release|Any CPU
		{DA0ED545-2EAF-4914-81AB-FEF8174ED018}.ReleaseMinimal|x64.ActiveCfg = Release|Any CPU
		{DA0ED545-2EAF-4914-81AB-FEF8174ED018}.ReleaseMinimal|x64.Build.0 = Release|Any CPU
		{DA0ED545-2EAF-4914-81AB-FEF8174ED018}.ReleaseMinimal|x86.ActiveCfg = Release|Any CPU
		{DA0ED545-2EAF-4914-81AB-FEF8174ED018}.ReleaseMinimal|x86.Build.0 = Release|Any CPU
	EndGlobalSection
	GlobalSection(SolutionProperties) = preSolution
		HideSolutionNode = FALSE
	EndGlobalSection
EndGlobal
